
Microsoft Visual Studio Solution File, Format Version 12.00
# Visual Studio Version 17
VisualStudioVersion = 17.2.32602.215
MinimumVisualStudioVersion = 10.0.40219.1
Project("{FAE04EC0-301F-11D3-BF4B-00C04F79EFBC}") = "GCPFHIRDemo.App", "GCPFHIRDemo.App\GCPFHIRDemo.App.csproj", "{110282DC-8837-4FE5-9A36-AD9F78BEB4B0}"
EndProject
Global
	GlobalSection(SolutionConfigurationPlatforms) = preSolution
		Debug|Any CPU = Debug|Any CPU
		Release|Any CPU = Release|Any CPU
	EndGlobalSection
	GlobalSection(ProjectConfigurationPlatforms) = postSolution
		{110282DC-8837-4FE5-9A36-AD9F78BEB4B0}.Debug|Any CPU.ActiveCfg = Debug|Any CPU
		{110282DC-8837-4FE5-9A36-AD9F78BEB4B0}.Debug|Any CPU.Build.0 = Debug|Any CPU
		{110282DC-8837-4FE5-9A36-AD9F78BEB4B0}.Release|Any CPU.ActiveCfg = Release|Any CPU
		{110282DC-8837-4FE5-9A36-AD9F78BEB4B0}.Release|Any CPU.Build.0 = Release|Any CPU
	EndGlobalSection
	GlobalSection(SolutionProperties) = preSolution
		HideSolutionNode = FALSE
	EndGlobalSection
	GlobalSection(ExtensibilityGlobals) = postSolution
		SolutionGuid = {A111EB3C-AED0-4E54-9FC7-225192C8BBD3}
	EndGlobalSection
EndGlobal
